
Microsoft Visual Studio Solution File, Format Version 12.00
# Visual Studio Version 16
VisualStudioVersion = 16.0.29613.14
MinimumVisualStudioVersion = 10.0.40219.1
Project("{FAE04EC0-301F-11D3-BF4B-00C04F79EFBC}") = "ConsoleApp", "Creation_Objet\ConsoleApp.csproj", "{CA50629E-C9EE-47CC-9E46-F765AFE2D218}"
EndProject
Global
	GlobalSection(SolutionConfigurationPlatforms) = preSolution
		Debug|Any CPU = Debug|Any CPU
		Release|Any CPU = Release|Any CPU
	EndGlobalSection
	GlobalSection(ProjectConfigurationPlatforms) = postSolution
		{CA50629E-C9EE-47CC-9E46-F765AFE2D218}.Debug|Any CPU.ActiveCfg = Debug|Any CPU
		{CA50629E-C9EE-47CC-9E46-F765AFE2D218}.Debug|Any CPU.Build.0 = Debug|Any CPU
		{CA50629E-C9EE-47CC-9E46-F765AFE2D218}.Release|Any CPU.ActiveCfg = Release|Any CPU
		{CA50629E-C9EE-47CC-9E46-F765AFE2D218}.Release|Any CPU.Build.0 = Release|Any CPU
	EndGlobalSection
	GlobalSection(SolutionProperties) = preSolution
		HideSolutionNode = FALSE
	EndGlobalSection
	GlobalSection(ExtensibilityGlobals) = postSolution
		SolutionGuid = {C00D5989-5E55-4539-B1B0-A6E499124D86}
	EndGlobalSection
EndGlobal
